Microsoft Visual Studio Solution File, Format Version 11.00
# Visual Studio 2008

Project("{245A7212-043C-656A-7CB6-054C66714F96}") = "Simple Endless Runner", "Assembly-CSharp.csproj", "{C9A98BD1-B3E8-7730-22F3-B0ABBB3A07D4}"
EndProject
Global
	GlobalSection(SolutionConfigurationPlatforms) = preSolution
		Debug|Any CPU = Debug|Any CPU
		Release|Any CPU = Release|Any CPU
	EndGlobalSection
	GlobalSection(ProjectConfigurationPlatforms) = postSolution
		{C9A98BD1-B3E8-7730-22F3-B0ABBB3A07D4}.Debug|Any CPU.ActiveCfg = Debug|Any CPU
		{C9A98BD1-B3E8-7730-22F3-B0ABBB3A07D4}.Debug|Any CPU.Build.0 = Debug|Any CPU
		{C9A98BD1-B3E8-7730-22F3-B0ABBB3A07D4}.Release|Any CPU.ActiveCfg = Release|Any CPU
		{C9A98BD1-B3E8-7730-22F3-B0ABBB3A07D4}.Release|Any CPU.Build.0 = Release|Any CPU
	EndGlobalSection
	GlobalSection(SolutionProperties) = preSolution
		HideSolutionNode = FALSE
	EndGlobalSection
	GlobalSection(MonoDevelopProperties) = preSolution
		StartupItem = Assembly-CSharp.csproj
	EndGlobalSection
EndGlobal
